PODS:
  - BlocksKit (2.2.5):
    - BlocksKit/All (= 2.2.5)
  - BlocksKit/All (2.2.5):
    - BlocksKit/Core
    - BlocksKit/DynamicDelegate
    - BlocksKit/MessageUI
    - BlocksKit/UIKit
  - BlocksKit/Core (2.2.5)
  - BlocksKit/DynamicDelegate (2.2.5)
  - BlocksKit/MessageUI (2.2.5):
    - BlocksKit/Core
    - BlocksKit/DynamicDelegate
  - BlocksKit/UIKit (2.2.5):
    - BlocksKit/Core
    - BlocksKit/DynamicDelegate
  - CocoaLumberjack (2.2.0):
    - CocoaLumberjack/Default (= 2.2.0)
    - CocoaLumberjack/Extensions (= 2.2.0)
  - CocoaLumberjack/Core (2.2.0)
  - CocoaLumberjack/Default (2.2.0):
    - CocoaLumberjack/Core
  - CocoaLumberjack/Extensions (2.2.0):
    - CocoaLumberjack/Default
  - EGOCache (2.1.3)
  - FileMD5Hash (2.0.0)
  - FMDB (2.5):
    - FMDB/standard (= 2.5)
  - FMDB/common (2.5)
  - FMDB/standard (2.5):
    - FMDB/common
  - iConsole (1.5.3)
  - JTSImageViewController (1.5.1)
  - LTNavigationBar (2.1.1)
  - Masonry (0.6.3)
  - MBProgressHUD (0.9.1)
  - MJRefresh (0.0.1)
  - NSData+MD5Digest (1.0.0)
  - SDWebImage (3.7.3):
    - SDWebImage/Core (= 3.7.3)
  - SDWebImage/Core (3.7.3)
  - SimpleAudioPlayer (0.1.2)
  - STHTTPRequest (1.0.2)
  - SVProgressHUD (1.1.3)
  - SVWebViewController (1.0)
  - SWTableViewCell (0.3.7)
  - YYCache (0.9.3)
  - YYCategories (0.9.3):
    - YYCategories/no-arc (= 0.9.3)
  - YYCategories/no-arc (0.9.3)
  - YYImage (0.9.2)
  - YYModel (0.9.6)

DEPENDENCIES:
  - BlocksKit
  - CocoaLumberjack
  - EGOCache (~> 2.1.3)
  - FileMD5Hash (~> 2.0.0)
  - FMDB (~> 2.3)
  - iConsole (~> 1.4)
  - JTSImageViewController (~> 1.4)
  - LTNavigationBar
  - Masonry
  - MBProgressHUD (~> 0.9.1)
  - MJRefresh (~> 0.0.1)
  - NSData+MD5Digest (~> 1.0.0)
  - SDWebImage (~> 3.6)
  - SimpleAudioPlayer
  - STHTTPRequest (~> 1.0.0)
  - SVProgressHUD
  - SVWebViewController (~> 1.0)
  - SWTableViewCell (~> 0.3.7)
  - YYCache
  - YYCategories
  - YYImage
  - YYModel

SPEC CHECKSUMS:
  BlocksKit: 7f422b971407001178d181a43b99014ea2591fe6
  CocoaLumberjack: 17fe8581f84914d5d7e6360f7c70022b173c3ae0
  EGOCache: f0295dbe041156acabd39021354ad1045ee49e72
  FileMD5Hash: 3ed69cc19a21ff4d30ae8833fc104275ad2c7de0
  FMDB: 96e8f1bcc1329e269330f99770ad4285d9003e52
  iConsole: 823d9b14ac90f0a2a4fc9bf6a973a03ba9c4c7eb
  JTSImageViewController: 1f8ce1cc93dab0d0af8e53badeea7528560cfec9
  LTNavigationBar: b1c15fdcc32453d84f8b9fc774fff611c184dfbb
  Masonry: ff105a956abcd19a618b2028b121cb638d7a8e2f
  MBProgressHUD: c47f2c166c126cf2ce36498d80f33e754d4e93ad
  MJRefresh: 3ca90d4639e787c7b61432d84905f16de05d81b2
  NSData+MD5Digest: 0743d53874455e2bdf49f70e7f815b0b963a355f
  SDWebImage: 1d2b1a1efda1ade1b00b6f8498865f8ddedc8a84
  SimpleAudioPlayer: c14dd9c85c5bbf058b0529292789950cc67eb61b
  STHTTPRequest: f4ca4e3ca31ebd9b54c134aa721ddd1711f1089d
  SVProgressHUD: 748080e4f36e603f6c02aec292664239df5279c1
  SVWebViewController: c36dda7326e81fcae0abf5d02bf7bbf7e41be901
  SWTableViewCell: 2a94aadc9d47b2b611fa064566bf57948b95b579
  YYCache: 9a9bba3cdd2adcd89a7b61f9b1a6d6c31aab2cb6
  YYCategories: 44fa4213d3d0ebc7fc165f3b56e9f745e2ab8afb
  YYImage: c66b043440e5d5899f7d926396ff3098ec809d9a
  YYModel: 23033d471f7471d7e29875a960df42b04429ece8

COCOAPODS: 0.39.0
